
Microsoft Visual Studio Solution File, Format Version 12.00
# Visual Studio 15
VisualStudioVersion = 15.0.28010.2050
MinimumVisualStudioVersion = 10.0.40219.1
Project("{FAE04EC0-301F-11D3-BF4B-00C04F79EFBC}") = "AnAppleADay_03", "AnAppleADay_03\AnAppleADay_03.csproj", "{3368EE3F-D184-4A13-9851-FA57E775F44F}"
EndProject
Global
	GlobalSection(SolutionConfigurationPlatforms) = preSolution
		Debug|Any CPU = Debug|Any CPU
		Release|Any CPU = Release|Any CPU
	EndGlobalSection
	GlobalSection(ProjectConfigurationPlatforms) = postSolution
		{3368EE3F-D184-4A13-9851-FA57E775F44F}.Debug|Any CPU.ActiveCfg = Debug|Any CPU
		{3368EE3F-D184-4A13-9851-FA57E775F44F}.Debug|Any CPU.Build.0 = Debug|Any CPU
		{3368EE3F-D184-4A13-9851-FA57E775F44F}.Release|Any CPU.ActiveCfg = Release|Any CPU
		{3368EE3F-D184-4A13-9851-FA57E775F44F}.Release|Any CPU.Build.0 = Release|Any CPU
	EndGlobalSection
	GlobalSection(SolutionProperties) = preSolution
		HideSolutionNode = FALSE
	EndGlobalSection
	GlobalSection(ExtensibilityGlobals) = postSolution
		SolutionGuid = {BB7F0348-6E74-4799-912D-D275AF4DD92B}
	EndGlobalSection
EndGlobal
